Microsoft Visual Studio Solution File, Format Version 12.00
# Visual Studio Version 17
VisualStudioVersion = 17.5.2.0
MinimumVisualStudioVersion = 10.0.40219.1
Project("{FAE04EC0-301F-11D3-BF4B-00C04F79EFBC}") = "Rotations.Tests", "Rotations.Tests\Rotations.Tests.csproj", "{EA173AAB-114A-43DA-90C7-75F56968766E}"
EndProject
Project("{FAE04EC0-301F-11D3-BF4B-00C04F79EFBC}") = "Rotations", "Rotations\Rotations.csproj", "{1948A2D2-AA60-4A05-91A9-EE39CDC4F3A0}"
EndProject
Global
	GlobalSection(SolutionConfigurationPlatforms) = preSolution
		Debug|Any CPU = Debug|Any CPU
		Release|Any CPU = Release|Any CPU
	EndGlobalSection
	GlobalSection(ProjectConfigurationPlatforms) = postSolution
        {EA173AAB-114A-43DA-90C7-75F56968766E}.Debug|Any CPU.ActiveCfg = Debug|Any CPU
		{EA173AAB-114A-43DA-90C7-75F56968766E}.Debug|Any CPU.Build.0 = Debug|Any CPU
		{EA173AAB-114A-43DA-90C7-75F56968766E}.Release|Any CPU.ActiveCfg = Release|Any CPU
		{EA173AAB-114A-43DA-90C7-75F56968766E}.Release|Any CPU.Build.0 = Release|Any CPU
		{1948A2D2-AA60-4A05-91A9-EE39CDC4F3A0}.Debug|Any CPU.ActiveCfg = Debug|x64
		{1948A2D2-AA60-4A05-91A9-EE39CDC4F3A0}.Debug|Any CPU.Build.0 = Debug|x64
		{1948A2D2-AA60-4A05-91A9-EE39CDC4F3A0}.Release|Any CPU.ActiveCfg = Release|x64
		{1948A2D2-AA60-4A05-91A9-EE39CDC4F3A0}.Release|Any CPU.Build.0 = Release|x64
	EndGlobalSection
	GlobalSection(SolutionProperties) = preSolution
		HideSolutionNode = FALSE
	EndGlobalSection
	GlobalSection(ExtensibilityGlobals) = postSolution
		SolutionGuid = {6BB67519-2FF7-42EB-B83D-A30D6AE83320}
	EndGlobalSection
EndGlobal
